
Microsoft Visual Studio Solution File, Format Version 12.00
# Visual Studio Version 17
VisualStudioVersion = 17.14.37614.0
MinimumVisualStudioVersion = 10.0.40219.1
Project("{FAE04EC0-301F-11D3-BF4B-00C04F79EFBC}") = "Sensors.Contracts", "Sensors.Contracts.csproj", "{9754BABA-EDCB-4460-AB81-2A7F3A9D84EE}"
EndProject
Global
	GlobalSection(SolutionConfigurationPlatforms) = preSolution
		Debug|Any CPU = Debug|Any CPU
		Release|Any CPU = Release|Any CPU
	EndGlobalSection
	GlobalSection(ProjectConfigurationPlatforms) = postSolution
		{9754BABA-EDCB-4460-AB81-2A7F3A9D84EE}.Debug|Any CPU.ActiveCfg = Debug|Any CPU
		{9754BABA-EDCB-4460-AB81-2A7F3A9D84EE}.Debug|Any CPU.Build.0 = Debug|Any CPU
		{9754BABA-EDCB-4460-AB81-2A7F3A9D84EE}.Release|Any CPU.ActiveCfg = Release|Any CPU
		{9754BABA-EDCB-4460-AB81-2A7F3A9D84EE}.Release|Any CPU.Build.0 = Release|Any CPU
	EndGlobalSection
	GlobalSection(SolutionProperties) = preSolution
		HideSolutionNode = FALSE
	EndGlobalSection
	GlobalSection(ExtensibilityGlobals) = postSolution
		SolutionGuid = {A04881C4-6E27-4584-9724-DD8BC24815AF}
	EndGlobalSection
EndGlobal
